{
  "name": "anychart-bonfire-solution",
  "version": "1.0.0",
  "lockfileVersion": 1,
  "requires": true,
  "dependencies": {
    "anychart": {
      "version": "8.0.0",
      "resolved": "https://registry.npmjs.org/anychart/-/anychart-8.0.0.tgz",
      "integrity": "sha1-3RILHzoguYz4Cq/fGo60KH0I5/s="
    }
  }
}
